{
  "originHash" : "17bf0bf43eac20f2b01c27bfc3b53bb2068ddca2c1276d68d23b31fea305e9a7",
  "pins" : [
    {
      "identity" : "action",
      "kind" : "remoteSourceControl",
      "location" : "https://github.com/RxSwiftCommunity/Action.git",
      "state" : {
        "revision" : "55f5da064fd66cb09acde22cbbb744fe7f6355aa",
        "version" : "5.0.0"
      }
    },
    {
      "identity" : "apikit",
      "kind" : "remoteSourceControl",
      "location" : "https://github.com/ishkawa/APIKit.git",
      "state" : {
        "revision" : "b839e53b870104798035b279d2a6168b0a2227b1",
        "version" : "5.4.0"
      }
    },
    {
      "identity" : "rxswift",
      "kind" : "remoteSourceControl",
      "location" : "https://github.com/ReactiveX/RxSwift.git",
      "state" : {
        "revision" : "5dd1907d64f0d36f158f61a466bab75067224893",
        "version" : "6.9.0"
      }
    }
  ],
  "version" : 3
}
